
Microsoft Visual Studio Solution File, Format Version 12.00
# Visual Studio Version 16
VisualStudioVersion = 16.0.31229.75
MinimumVisualStudioVersion = 10.0.40219.1
Project("{9A19103F-16F7-4668-BE54-9A1E7A4F7556}") = "WebApi", "WebApi\WebApi.csproj", "{801595CF-E8CD-4640-826A-E9B1EC478B5D}"
EndProject
Project("{9A19103F-16F7-4668-BE54-9A1E7A4F7556}") = "BusinessLogic", "BusinessLogic\BusinessLogic.csproj", "{D14BAF28-5B9A-4688-A336-CA4809DFC3C1}"
EndProject
Project("{FAE04EC0-301F-11D3-BF4B-00C04F79EFBC}") = "Core", "Core\Core.csproj", "{425547E3-8C15-4998-86E5-14CB1518302F}"
EndProject
Global
	GlobalSection(SolutionConfigurationPlatforms) = preSolution
		Debug|Any CPU = Debug|Any CPU
		Release|Any CPU = Release|Any CPU
	EndGlobalSection
	GlobalSection(ProjectConfigurationPlatforms) = postSolution
		{801595CF-E8CD-4640-826A-E9B1EC478B5D}.Debug|Any CPU.ActiveCfg = Debug|Any CPU
		{801595CF-E8CD-4640-826A-E9B1EC478B5D}.Debug|Any CPU.Build.0 = Debug|Any CPU
		{801595CF-E8CD-4640-826A-E9B1EC478B5D}.Release|Any CPU.ActiveCfg = Release|Any CPU
		{801595CF-E8CD-4640-826A-E9B1EC478B5D}.Release|Any CPU.Build.0 = Release|Any CPU
		{D14BAF28-5B9A-4688-A336-CA4809DFC3C1}.Debug|Any CPU.ActiveCfg = Debug|Any CPU
		{D14BAF28-5B9A-4688-A336-CA4809DFC3C1}.Debug|Any CPU.Build.0 = Debug|Any CPU
		{D14BAF28-5B9A-4688-A336-CA4809DFC3C1}.Release|Any CPU.ActiveCfg = Release|Any CPU
		{D14BAF28-5B9A-4688-A336-CA4809DFC3C1}.Release|Any CPU.Build.0 = Release|Any CPU
		{425547E3-8C15-4998-86E5-14CB1518302F}.Debug|Any CPU.ActiveCfg = Debug|Any CPU
		{425547E3-8C15-4998-86E5-14CB1518302F}.Debug|Any CPU.Build.0 = Debug|Any CPU
		{425547E3-8C15-4998-86E5-14CB1518302F}.Release|Any CPU.ActiveCfg = Release|Any CPU
		{425547E3-8C15-4998-86E5-14CB1518302F}.Release|Any CPU.Build.0 = Release|Any CPU
	EndGlobalSection
	GlobalSection(SolutionProperties) = preSolution
		HideSolutionNode = FALSE
	EndGlobalSection
	GlobalSection(ExtensibilityGlobals) = postSolution
		SolutionGuid = {8147C195-3F2E-469B-AD46-FBCCD81751C0}
	EndGlobalSection
EndGlobal
